
Microsoft Visual Studio Solution File, Format Version 12.00
# Visual Studio Version 17
VisualStudioVersion = 17.3.32922.545
MinimumVisualStudioVersion = 10.0.40219.1
Project("{FAE04EC0-301F-11D3-BF4B-00C04F79EFBC}") = "MathClass", "MathClass.csproj", "{003532A5-8D1B-41A1-8903-66BDD46564D3}"
EndProject
Global
	GlobalSection(SolutionConfigurationPlatforms) = preSolution
		Debug|Any CPU = Debug|Any CPU
		Release|Any CPU = Release|Any CPU
	EndGlobalSection
	GlobalSection(ProjectConfigurationPlatforms) = postSolution
		{003532A5-8D1B-41A1-8903-66BDD46564D3}.Debug|Any CPU.ActiveCfg = Debug|Any CPU
		{003532A5-8D1B-41A1-8903-66BDD46564D3}.Debug|Any CPU.Build.0 = Debug|Any CPU
		{003532A5-8D1B-41A1-8903-66BDD46564D3}.Release|Any CPU.ActiveCfg = Release|Any CPU
		{003532A5-8D1B-41A1-8903-66BDD46564D3}.Release|Any CPU.Build.0 = Release|Any CPU
	EndGlobalSection
	GlobalSection(SolutionProperties) = preSolution
		HideSolutionNode = FALSE
	EndGlobalSection
	GlobalSection(ExtensibilityGlobals) = postSolution
		SolutionGuid = {4AE81F70-8B84-47BA-82AC-1DB2CF613302}
	EndGlobalSection
EndGlobal
